
Microsoft Visual Studio Solution File, Format Version 12.00
# Visual Studio Version 16
VisualStudioVersion = 16.0.30011.22
MinimumVisualStudioVersion = 10.0.40219.1
Project("{FAE04EC0-301F-11D3-BF4B-00C04F79EFBC}") = "StateMachines", "StateMachine\StateMachines.csproj", "{4ABBF79B-A1E2-4BA2-A379-0340199452E8}"
EndProject
Project("{2150E333-8FDC-42A3-9474-1A3956D46DE8}") = "Solution Items", "Solution Items", "{4DBE05DC-2B82-4CC6-AB2C-7B1EB43C8EF0}"
	ProjectSection(SolutionItems) = preProject
		.editorconfig = .editorconfig
	EndProjectSection
EndProject
Project("{FAE04EC0-301F-11D3-BF4B-00C04F79EFBC}") = "StateMachines.Tests", "StateMachine.Tests\StateMachines.Tests.csproj", "{14ABBCD6-3FD4-45F7-90A7-3796F8F623DC}"
EndProject
Project("{FAE04EC0-301F-11D3-BF4B-00C04F79EFBC}") = "StateMachines.IntegratedTests", "StateMachines.IntegrationTests\StateMachines.IntegratedTests.csproj", "{93E7603F-13B4-4FFA-940B-7FC846473373}"
EndProject
Global
	GlobalSection(SolutionConfigurationPlatforms) = preSolution
		Debug|Any CPU = Debug|Any CPU
		Release|Any CPU = Release|Any CPU
	EndGlobalSection
	GlobalSection(ProjectConfigurationPlatforms) = postSolution
		{4ABBF79B-A1E2-4BA2-A379-0340199452E8}.Debug|Any CPU.ActiveCfg = Debug|Any CPU
		{4ABBF79B-A1E2-4BA2-A379-0340199452E8}.Debug|Any CPU.Build.0 = Debug|Any CPU
		{4ABBF79B-A1E2-4BA2-A379-0340199452E8}.Release|Any CPU.ActiveCfg = Release|Any CPU
		{4ABBF79B-A1E2-4BA2-A379-0340199452E8}.Release|Any CPU.Build.0 = Release|Any CPU
		{14ABBCD6-3FD4-45F7-90A7-3796F8F623DC}.Debug|Any CPU.ActiveCfg = Debug|Any CPU
		{14ABBCD6-3FD4-45F7-90A7-3796F8F623DC}.Debug|Any CPU.Build.0 = Debug|Any CPU
		{14ABBCD6-3FD4-45F7-90A7-3796F8F623DC}.Release|Any CPU.ActiveCfg = Release|Any CPU
		{14ABBCD6-3FD4-45F7-90A7-3796F8F623DC}.Release|Any CPU.Build.0 = Release|Any CPU
		{93E7603F-13B4-4FFA-940B-7FC846473373}.Debug|Any CPU.ActiveCfg = Debug|Any CPU
		{93E7603F-13B4-4FFA-940B-7FC846473373}.Debug|Any CPU.Build.0 = Debug|Any CPU
		{93E7603F-13B4-4FFA-940B-7FC846473373}.Release|Any CPU.ActiveCfg = Release|Any CPU
		{93E7603F-13B4-4FFA-940B-7FC846473373}.Release|Any CPU.Build.0 = Release|Any CPU
	EndGlobalSection
	GlobalSection(SolutionProperties) = preSolution
		HideSolutionNode = FALSE
	EndGlobalSection
	GlobalSection(ExtensibilityGlobals) = postSolution
		SolutionGuid = {8419A335-E04C-42C0-85C0-60A3529A0A13}
	EndGlobalSection
EndGlobal
